// !$*UTF8*$!
{
	archiveVersion = 1;
	classes = {
	};
	objectVersion = 51;
	objects = {

/* Begin PBXBuildFile section */
		639A40C623FB5E4B007088E1 /* AppDelegate.swift in Sources */ = {isa = PBXBuildFile; fileRef = 639A40C523FB5E4B007088E1 /* AppDelegate.swift */; };
		639A40C823FB5E4B007088E1 /* SceneDelegate.swift in Sources */ = {isa = PBXBuildFile; fileRef = 639A40C723FB5E4B007088E1 /* SceneDelegate.swift */; };
		639A40CF23FB5E50007088E1 /* Assets.xcassets in Resources */ = {isa = PBXBuildFile; fileRef = 639A40CE23FB5E50007088E1 /* Assets.xcassets */; };
		639A40D223FB5E50007088E1 /* LaunchScreen.storyboard in Resources */ = {isa = PBXBuildFile; fileRef = 639A40D023FB5E50007088E1 /* LaunchScreen.storyboard */; };
		639A40DD23FB5E50007088E1 /* LottieAnimationTest2Tests.swift in Sources */ = {isa = PBXBuildFile; fileRef = 639A40DC23FB5E50007088E1 /* LottieAnimationTest2Tests.swift */; };
		639A40E823FB5ED1007088E1 /* LaunchAnimationVC.swift in Sources */ = {isa = PBXBuildFile; fileRef = 639A40E723FB5ED1007088E1 /* LaunchAnimationVC.swift */; };
		639A40EA23FB5F02007088E1 /* MainView.swift in Sources */ = {isa = PBXBuildFile; fileRef = 639A40E923FB5F02007088E1 /* MainView.swift */; };
		639A40EE23FB5F30007088E1 /* AnimationView.swift in Sources */ = {isa = PBXBuildFile; fileRef = 639A40ED23FB5F30007088E1 /* AnimationView.swift */; };
		639A40F123FB6184007088E1 /* bookStackAnimation.json in Resources */ = {isa = PBXBuildFile; fileRef = 639A40F023FB6184007088E1 /* bookStackAnimation.json */; };
		EF9B892B6377AAEA8D2BF8D9 /* Pods_LottieAnimationTest2.framework in Frameworks */ = {isa = PBXBuildFile; fileRef = 01A2B19E2C6CF3BA163B21C5 /* Pods_LottieAnimationTest2.framework */; };
/* End PBXBuildFile section */

/* Begin PBXContainerItemProxy section */
		639A40D923FB5E50007088E1 /* PBXContainerItemProxy */ = {
			isa = PBXContainerItemProxy;
			containerPortal = 639A40BA23FB5E4B007088E1 /* Project object */;
			proxyType = 1;
			remoteGlobalIDString = 639A40C123FB5E4B007088E1;
			remoteInfo = LottieAnimationTest2;
		};
/* End PBXContainerItemProxy section */

/* Begin PBXFileReference section */
		01A2B19E2C6CF3BA163B21C5 /* Pods_LottieAnimationTest2.framework */ = {isa = PBXFileReference; explicitFileType = wrapper.framework; includeInIndex = 0; path = Pods_LottieAnimationTest2.framework; sourceTree = BUILT_PRODUCTS_DIR; };
		639A40C223FB5E4B007088E1 /* LottieAnimationTest2.app */ = {isa = PBXFileReference; explicitFileType = wrapper.application; includeInIndex = 0; path = LottieAnimationTest2.app; sourceTree = BUILT_PRODUCTS_DIR; };
		639A40C523FB5E4B007088E1 /* AppDelegate.swift */ = {isa = PBXFileReference; lastKnownFileType = sourcecode.swift; path = AppDelegate.swift; sourceTree = "<group>"; };
		639A40C723FB5E4B007088E1 /* SceneDelegate.swift */ = {isa = PBXFileReference; lastKnownFileType = sourcecode.swift; path = SceneDelegate.swift; sourceTree = "<group>"; };
		639A40CE23FB5E50007088E1 /* Assets.xcassets */ = {isa = PBXFileReference; lastKnownFileType = folder.assetcatalog; path = Assets.xcassets; sourceTree = "<group>"; };
		639A40D123FB5E50007088E1 /* Base */ = {isa = PBXFileReference; lastKnownFileType = file.storyboard; name = Base; path = Base.lproj/LaunchScreen.storyboard; sourceTree = "<group>"; };
		639A40D323FB5E50007088E1 /* Info.plist */ = {isa = PBXFileReference; lastKnownFileType = text.plist.xml; path = Info.plist; sourceTree = "<group>"; };
		639A40D823FB5E50007088E1 /* LottieAnimationTest2Tests.xctest */ = {isa = PBXFileReference; explicitFileType = wrapper.cfbundle; includeInIndex = 0; path = LottieAnimationTest2Tests.xctest; sourceTree = BUILT_PRODUCTS_DIR; };
		639A40DC23FB5E50007088E1 /* LottieAnimationTest2Tests.swift */ = {isa = PBXFileReference; lastKnownFileType = sourcecode.swift; path = LottieAnimationTest2Tests.swift; sourceTree = "<group>"; };
		639A40DE23FB5E50007088E1 /* Info.plist */ = {isa = PBXFileReference; lastKnownFileType = text.plist.xml; path = Info.plist; sourceTree = "<group>"; };
		639A40E723FB5ED1007088E1 /* LaunchAnimationVC.swift */ = {isa = PBXFileReference; lastKnownFileType = sourcecode.swift; path = LaunchAnimationVC.swift; sourceTree = "<group>"; };
		639A40E923FB5F02007088E1 /* MainView.swift */ = {isa = PBXFileReference; lastKnownFileType = sourcecode.swift; path = MainView.swift; sourceTree = "<group>"; };
		639A40ED23FB5F30007088E1 /* AnimationView.swift */ = {isa = PBXFileReference; lastKnownFileType = sourcecode.swift; path = AnimationView.swift; sourceTree = "<group>"; };
		639A40F023FB6184007088E1 /* bookStackAnimation.json */ = {isa = PBXFileReference; fileEncoding = 4; lastKnownFileType = text.json; path = bookStackAnimation.json; sourceTree = "<group>"; };
		83CCC51437A909C73B4D29C8 /* Pods-LottieAnimationTest2.debug.xcconfig */ = {isa = PBXFileReference; includeInIndex = 1; lastKnownFileType = text.xcconfig; name = "Pods-LottieAnimationTest2.debug.xcconfig"; path = "Target Support Files/Pods-LottieAnimationTest2/Pods-LottieAnimationTest2.debug.xcconfig"; sourceTree = "<group>"; };
		C1D5E1E22D4B79B056C94542 /* Pods-LottieAnimationTest2.release.xcconfig */ = {isa = PBXFileReference; includeInIndex = 1; lastKnownFileType = text.xcconfig; name = "Pods-LottieAnimationTest2.release.xcconfig"; path = "Target Support Files/Pods-LottieAnimationTest2/Pods-LottieAnimationTest2.release.xcconfig"; sourceTree = "<group>"; };
/* End PBXFileReference section */

/* Begin PBXFrameworksBuildPhase section */
		639A40BF23FB5E4B007088E1 /* Frameworks */ = {
			isa = PBXFrameworksBuildPhase;
			buildActionMask = 2147483647;
			files = (
				EF9B892B6377AAEA8D2BF8D9 /* Pods_LottieAnimationTest2.framework in Frameworks */,
			);
			runOnlyForDeploymentPostprocessing = 0;
		};
		639A40D523FB5E50007088E1 /* Frameworks */ = {
			isa = PBXFrameworksBuildPhase;
			buildActionMask = 2147483647;
			files = (
			);
			runOnlyForDeploymentPostprocessing = 0;
		};
/* End PBXFrameworksBuildPhase section */

/* Begin PBXGroup section */
		639A40B923FB5E4B007088E1 = {
			isa = PBXGroup;
			children = (
				639A40C423FB5E4B007088E1 /* LottieAnimationTest2 */,
				639A40DB23FB5E50007088E1 /* LottieAnimationTest2Tests */,
				639A40C323FB5E4B007088E1 /* Products */,
				F89D208C58A931544FB18717 /* Pods */,
				D875A4312620A8BED7263CB0 /* Frameworks */,
			);
			sourceTree = "<group>";
		};
		639A40C323FB5E4B007088E1 /* Products */ = {
			isa = PBXGroup;
			children = (
				639A40C223FB5E4B007088E1 /* LottieAnimationTest2.app */,
				639A40D823FB5E50007088E1 /* LottieAnimationTest2Tests.xctest */,
			);
			name = Products;
			sourceTree = "<group>";
		};
		639A40C423FB5E4B007088E1 /* LottieAnimationTest2 */ = {
			isa = PBXGroup;
			children = (
				639A40E723FB5ED1007088E1 /* LaunchAnimationVC.swift */,
				639A40E923FB5F02007088E1 /* MainView.swift */,
				639A40ED23FB5F30007088E1 /* AnimationView.swift */,
				639A40EF23FB6129007088E1 /* Supporting Files */,
				639A40D323FB5E50007088E1 /* Info.plist */,
			);
			path = LottieAnimationTest2;
			sourceTree = "<group>";
		};
		639A40DB23FB5E50007088E1 /* LottieAnimationTest2Tests */ = {
			isa = PBXGroup;
			children = (
				639A40DC23FB5E50007088E1 /* LottieAnimationTest2Tests.swift */,
				639A40DE23FB5E50007088E1 /* Info.plist */,
			);
			path = LottieAnimationTest2Tests;
			sourceTree = "<group>";
		};
		639A40EF23FB6129007088E1 /* Supporting Files */ = {
			isa = PBXGroup;
			children = (
				639A40F023FB6184007088E1 /* bookStackAnimation.json */,
				639A40C523FB5E4B007088E1 /* AppDelegate.swift */,
				639A40C723FB5E4B007088E1 /* SceneDelegate.swift */,
				639A40CE23FB5E50007088E1 /* Assets.xcassets */,
				639A40D023FB5E50007088E1 /* LaunchScreen.storyboard */,
			);
			path = "Supporting Files";
			sourceTree = "<group>";
		};
		D875A4312620A8BED7263CB0 /* Frameworks */ = {
			isa = PBXGroup;
			children = (
				01A2B19E2C6CF3BA163B21C5 /* Pods_LottieAnimationTest2.framework */,
			);
			name = Frameworks;
			sourceTree = "<group>";
		};
		F89D208C58A931544FB18717 /* Pods */ = {
			isa = PBXGroup;
			children = (
				83CCC51437A909C73B4D29C8 /* Pods-LottieAnimationTest2.debug.xcconfig */,
				C1D5E1E22D4B79B056C94542 /* Pods-LottieAnimationTest2.release.xcconfig */,
			);
			path = Pods;
			sourceTree = "<group>";
		};
/* End PBXGroup section */

/* Begin PBXNativeTarget section */
		639A40C123FB5E4B007088E1 /* LottieAnimationTest2 */ = {
			isa = PBXNativeTarget;
			buildConfigurationList = 639A40E123FB5E50007088E1 /* Build configuration list for PBXNativeTarget "LottieAnimationTest2" */;
			buildPhases = (
				7E5E7F57703359D7A3C32318 /* [CP] Check Pods Manifest.lock */,
				639A40BE23FB5E4B007088E1 /* Sources */,
				639A40BF23FB5E4B007088E1 /* Frameworks */,
				639A40C023FB5E4B007088E1 /* Resources */,
				03254266F9C0AAAF96636015 /* [CP] Embed Pods Frameworks */,
			);
			buildRules = (
			);
			dependencies = (
			);
			name = LottieAnimationTest2;
			productName = LottieAnimationTest2;
			productReference = 639A40C223FB5E4B007088E1 /* LottieAnimationTest2.app */;
			productType = "com.apple.product-type.application";
		};
		639A40D723FB5E50007088E1 /* LottieAnimationTest2Tests */ = {
			isa = PBXNativeTarget;
			buildConfigurationList = 639A40E423FB5E50007088E1 /* Build configuration list for PBXNativeTarget "LottieAnimationTest2Tests" */;
			buildPhases = (
				639A40D423FB5E50007088E1 /* Sources */,
				639A40D523FB5E50007088E1 /* Frameworks */,
				639A40D623FB5E50007088E1 /* Resources */,
			);
			buildRules = (
			);
			dependencies = (
				639A40DA23FB5E50007088E1 /* PBXTargetDependency */,
			);
			name = LottieAnimationTest2Tests;
			productName = LottieAnimationTest2Tests;
			productReference = 639A40D823FB5E50007088E1 /* LottieAnimationTest2Tests.xctest */;
			productType = "com.apple.product-type.bundle.unit-test";
		};
/* End PBXNativeTarget section */

/* Begin PBXProject section */
		639A40BA23FB5E4B007088E1 /* Project object */ = {
			isa = PBXProject;
			attributes = {
				LastSwiftUpdateCheck = 1130;
				LastUpgradeCheck = 1130;
				ORGANIZATIONNAME = "David Lin (Passion Proj)";
				TargetAttributes = {
					639A40C123FB5E4B007088E1 = {
						CreatedOnToolsVersion = 11.3;
					};
					639A40D723FB5E50007088E1 = {
						CreatedOnToolsVersion = 11.3;
						TestTargetID = 639A40C123FB5E4B007088E1;
					};
				};
			};
			buildConfigurationList = 639A40BD23FB5E4B007088E1 /* Build configuration list for PBXProject "LottieAnimationTest2" */;
			compatibilityVersion = "Xcode 9.3";
			developmentRegion = en;
			hasScannedForEncodings = 0;
			knownRegions = (
				en,
				Base,
			);
			mainGroup = 639A40B923FB5E4B007088E1;
			productRefGroup = 639A40C323FB5E4B007088E1 /* Products */;
			projectDirPath = "";
			projectRoot = "";
			targets = (
				639A40C123FB5E4B007088E1 /* LottieAnimationTest2 */,
				639A40D723FB5E50007088E1 /* LottieAnimationTest2Tests */,
			);
		};
/* End PBXProject section */

/* Begin PBXResourcesBuildPhase section */
		639A40C023FB5E4B007088E1 /* Resources */ = {
			isa = PBXResourcesBuildPhase;
			buildActionMask = 2147483647;
			files = (
				639A40D223FB5E50007088E1 /* LaunchScreen.storyboard in Resources */,
				639A40F123FB6184007088E1 /* bookStackAnimation.json in Resources */,
				639A40CF23FB5E50007088E1 /* Assets.xcassets in Resources */,
			);
			runOnlyForDeploymentPostprocessing = 0;
		};
		639A40D623FB5E50007088E1 /* Resources */ = {
			isa = PBXResourcesBuildPhase;
			buildActionMask = 2147483647;
			files = (
			);
			runOnlyForDeploymentPostprocessing = 0;
		};
/* End PBXResourcesBuildPhase section */

/* Begin PBXShellScriptBuildPhase section */
		03254266F9C0AAAF96636015 /* [CP] Embed Pods Frameworks */ = {
			isa = PBXShellScriptBuildPhase;
			buildActionMask = 2147483647;
			files = (
			);
			inputFileListPaths = (
				"${PODS_ROOT}/Target Support Files/Pods-LottieAnimationTest2/Pods-LottieAnimationTest2-frameworks-${CONFIGURATION}-input-files.xcfilelist",
			);
			name = "[CP] Embed Pods Frameworks";
			outputFileListPaths = (
				"${PODS_ROOT}/Target Support Files/Pods-LottieAnimationTest2/Pods-LottieAnimationTest2-frameworks-${CONFIGURATION}-output-files.xcfilelist",
			);
			runOnlyForDeploymentPostprocessing = 0;
			shellPath = /bin/sh;
			shellScript = "\"${PODS_ROOT}/Target Support Files/Pods-LottieAnimationTest2/Pods-LottieAnimationTest2-frameworks.sh\"\n";
			showEnvVarsInLog = 0;
		};
		7E5E7F57703359D7A3C32318 /* [CP] Check Pods Manifest.lock */ = {
			isa = PBXShellScriptBuildPhase;
			buildActionMask = 2147483647;
			files = (
			);
			inputFileListPaths = (
			);
			inputPaths = (
				"${PODS_PODFILE_DIR_PATH}/Podfile.lock",
				"${PODS_ROOT}/Manifest.lock",
			);
			name = "[CP] Check Pods Manifest.lock";
			outputFileListPaths = (
			);
			outputPaths = (
				"$(DERIVED_FILE_DIR)/Pods-LottieAnimationTest2-checkManifestLockResult.txt",
			);
			runOnlyForDeploymentPostprocessing = 0;
			shellPath = /bin/sh;
			shellScript = "diff \"${PODS_PODFILE_DIR_PATH}/Podfile.lock\" \"${PODS_ROOT}/Manifest.lock\" > /dev/null\nif [ $? != 0 ] ; then\n    # print error to STDERR\n    echo \"error: The sandbox is not in sync with the Podfile.lock. Run 'pod install' or update your CocoaPods installation.\" >&2\n    exit 1\nfi\n# This output is used by Xcode 'outputs' to avoid re-running this script phase.\necho \"SUCCESS\" > \"${SCRIPT_OUTPUT_FILE_0}\"\n";
			showEnvVarsInLog = 0;
		};
/* End PBXShellScriptBuildPhase section */

/* Begin PBXSourcesBuildPhase section */
		639A40BE23FB5E4B007088E1 /* Sources */ = {
			isa = PBXSourcesBuildPhase;
			buildActionMask = 2147483647;
			files = (
				639A40C623FB5E4B007088E1 /* AppDelegate.swift in Sources */,
				639A40EE23FB5F30007088E1 /* AnimationView.swift in Sources */,
				639A40E823FB5ED1007088E1 /* LaunchAnimationVC.swift in Sources */,
				639A40EA23FB5F02007088E1 /* MainView.swift in Sources */,
				639A40C823FB5E4B007088E1 /* SceneDelegate.swift in Sources */,
			);
			runOnlyForDeploymentPostprocessing = 0;
		};
		639A40D423FB5E50007088E1 /* Sources */ = {
			isa = PBXSourcesBuildPhase;
			buildActionMask = 2147483647;
			files = (
				639A40DD23FB5E50007088E1 /* LottieAnimationTest2Tests.swift in Sources */,
			);
			runOnlyForDeploymentPostprocessing = 0;
		};
/* End PBXSourcesBuildPhase section */

/* Begin PBXTargetDependency section */
		639A40DA23FB5E50007088E1 /* PBXTargetDependency */ = {
			isa = PBXTargetDependency;
			target = 639A40C123FB5E4B007088E1 /* LottieAnimationTest2 */;
			targetProxy = 639A40D923FB5E50007088E1 /* PBXContainerItemProxy */;
		};
/* End PBXTargetDependency section */

/* Begin PBXVariantGroup section */
		639A40D023FB5E50007088E1 /* LaunchScreen.storyboard */ = {
			isa = PBXVariantGroup;
			children = (
				639A40D123FB5E50007088E1 /* Base */,
			);
			name = LaunchScreen.storyboard;
			sourceTree = "<group>";
		};
/* End PBXVariantGroup section */

/* Begin XCBuildConfiguration section */
		639A40DF23FB5E50007088E1 /* Debug */ = {
			isa = XCBuildConfiguration;
			buildSettings = {
				ALWAYS_SEARCH_USER_PATHS = NO;
				CLANG_ANALYZER_NONNULL = YES;
				CLANG_ANALYZER_NUMBER_OBJECT_CONVERSION = YES_AGGRESSIVE;
				CLANG_CXX_LANGUAGE_STANDARD = "gnu++14";
				CLANG_CXX_LIBRARY = "libc++";
				CLANG_ENABLE_MODULES = YES;
				CLANG_ENABLE_OBJC_ARC = YES;
				CLANG_ENABLE_OBJC_WEAK = YES;
				CLANG_WARN_BLOCK_CAPTURE_AUTORELEASING = YES;
				CLANG_WARN_BOOL_CONVERSION = YES;
				CLANG_WARN_COMMA = YES;
				CLANG_WARN_CONSTANT_CONVERSION = YES;
				CLANG_WARN_DEPRECATED_OBJC_IMPLEMENTATIONS = YES;
				CLANG_WARN_DIRECT_OBJC_ISA_USAGE = YES_ERROR;
				CLANG_WARN_DOCUMENTATION_COMMENTS = YES;
				CLANG_WARN_EMPTY_BODY = YES;
				CLANG_WARN_ENUM_CONVERSION = YES;
				CLANG_WARN_INFINITE_RECURSION = YES;
				CLANG_WARN_INT_CONVERSION = YES;
				CLANG_WARN_NON_LITERAL_NULL_CONVERSION = YES;
				CLANG_WARN_OBJC_IMPLICIT_RETAIN_SELF = YES;
				CLANG_WARN_OBJC_LITERAL_CONVERSION = YES;
				CLANG_WARN_OBJC_ROOT_CLASS = YES_ERROR;
				CLANG_WARN_RANGE_LOOP_ANALYSIS = YES;
				CLANG_WARN_STRICT_PROTOTYPES = YES;
				CLANG_WARN_SUSPICIOUS_MOVE = YES;
				CLANG_WARN_UNGUARDED_AVAILABILITY = YES_AGGRESSIVE;
				CLANG_WARN_UNREACHABLE_CODE = YES;
				CLANG_WARN__DUPLICATE_METHOD_MATCH = YES;
				COPY_PHASE_STRIP = NO;
				DEBUG_INFORMATION_FORMAT = dwarf;
				ENABLE_STRICT_OBJC_MSGSEND = YES;
				ENABLE_TESTABILITY = YES;
				GCC_C_LANGUAGE_STANDARD = gnu11;
				GCC_DYNAMIC_NO_PIC = NO;
				GCC_NO_COMMON_BLOCKS = YES;
				GCC_OPTIMIZATION_LEVEL = 0;
				GCC_PREPROCESSOR_DEFINITIONS = (
					"DEBUG=1",
					"$(inherited)",
				);
				GCC_WARN_64_TO_32_BIT_CONVERSION = YES;
				GCC_WARN_ABOUT_RETURN_TYPE = YES_ERROR;
				GCC_WARN_UNDECLARED_SELECTOR = YES;
				GCC_WARN_UNINITIALIZED_AUTOS = YES_AGGRESSIVE;
				GCC_WARN_UNUSED_FUNCTION = YES;
				GCC_WARN_UNUSED_VARIABLE = YES;
				IPHONEOS_DEPLOYMENT_TARGET = 13.2;
				MTL_ENABLE_DEBUG_INFO = INCLUDE_SOURCE;
				MTL_FAST_MATH = YES;
				ONLY_ACTIVE_ARCH = YES;
				SDKROOT = iphoneos;
				SWIFT_ACTIVE_COMPILATION_CONDITIONS = DEBUG;
				SWIFT_OPTIMIZATION_LEVEL = "-Onone";
			};
			name = Debug;
		};
		639A40E023FB5E50007088E1 /* Release */ = {
			isa = XCBuildConfiguration;
			buildSettings = {
				ALWAYS_SEARCH_USER_PATHS = NO;
				CLANG_ANALYZER_NONNULL = YES;
				CLANG_ANALYZER_NUMBER_OBJECT_CONVERSION = YES_AGGRESSIVE;
				CLANG_CXX_LANGUAGE_STANDARD = "gnu++14";
				CLANG_CXX_LIBRARY = "libc++";
				CLANG_ENABLE_MODULES = YES;
				CLANG_ENABLE_OBJC_ARC = YES;
				CLANG_ENABLE_OBJC_WEAK = YES;
				CLANG_WARN_BLOCK_CAPTURE_AUTORELEASING = YES;
				CLANG_WARN_BOOL_CONVERSION = YES;
				CLANG_WARN_COMMA = YES;
				CLANG_WARN_CONSTANT_CONVERSION = YES;
				CLANG_WARN_DEPRECATED_OBJC_IMPLEMENTATIONS = YES;
				CLANG_WARN_DIRECT_OBJC_ISA_USAGE = YES_ERROR;
				CLANG_WARN_DOCUMENTATION_COMMENTS = YES;
				CLANG_WARN_EMPTY_BODY = YES;
				CLANG_WARN_ENUM_CONVERSION = YES;
				CLANG_WARN_INFINITE_RECURSION = YES;
				CLANG_WARN_INT_CONVERSION = YES;
				CLANG_WARN_NON_LITERAL_NULL_CONVERSION = YES;
				CLANG_WARN_OBJC_IMPLICIT_RETAIN_SELF = YES;
				CLANG_WARN_OBJC_LITERAL_CONVERSION = YES;
				CLANG_WARN_OBJC_ROOT_CLASS = YES_ERROR;
				CLANG_WARN_RANGE_LOOP_ANALYSIS = YES;
				CLANG_WARN_STRICT_PROTOTYPES = YES;
				CLANG_WARN_SUSPICIOUS_MOVE = YES;
				CLANG_WARN_UNGUARDED_AVAILABILITY = YES_AGGRESSIVE;
				CLANG_WARN_UNREACHABLE_CODE = YES;
				CLANG_WARN__DUPLICATE_METHOD_MATCH = YES;
				COPY_PHASE_STRIP = NO;
				DEBUG_INFORMATION_FORMAT = "dwarf-with-dsym";
				ENABLE_NS_ASSERTIONS = NO;
				ENABLE_STRICT_OBJC_MSGSEND = YES;
				GCC_C_LANGUAGE_STANDARD = gnu11;
				GCC_NO_COMMON_BLOCKS = YES;
				GCC_WARN_64_TO_32_BIT_CONVERSION = YES;
				GCC_WARN_ABOUT_RETURN_TYPE = YES_ERROR;
				GCC_WARN_UNDECLARED_SELECTOR = YES;
				GCC_WARN_UNINITIALIZED_AUTOS = YES_AGGRESSIVE;
				GCC_WARN_UNUSED_FUNCTION = YES;
				GCC_WARN_UNUSED_VARIABLE = YES;
				IPHONEOS_DEPLOYMENT_TARGET = 13.2;
				MTL_ENABLE_DEBUG_INFO = NO;
				MTL_FAST_MATH = YES;
				SDKROOT = iphoneos;
				SWIFT_COMPILATION_MODE = wholemodule;
				SWIFT_OPTIMIZATION_LEVEL = "-O";
				VALIDATE_PRODUCT = YES;
			};
			name = Release;
		};
		639A40E223FB5E50007088E1 /* Debug */ = {
			isa = XCBuildConfiguration;
			baseConfigurationReference = 83CCC51437A909C73B4D29C8 /* Pods-LottieAnimationTest2.debug.xcconfig */;
			buildSettings = {
				ASSETCATALOG_COMPILER_APPICON_NAME = AppIcon;
				CODE_SIGN_STYLE = Automatic;
				DEVELOPMENT_TEAM = KJJ3AHRK2K;
				INFOPLIST_FILE = LottieAnimationTest2/Info.plist;
				LD_RUNPATH_SEARCH_PATHS = (
					"$(inherited)",
					"@executable_path/Frameworks",
				);
				PRODUCT_BUNDLE_IDENTIFIER = com.example.LottieAnimationTest2;
				PRODUCT_NAME = "$(TARGET_NAME)";
				SWIFT_VERSION = 5.0;
				TARGETED_DEVICE_FAMILY = "1,2";
			};
			name = Debug;
		};
		639A40E323FB5E50007088E1 /* Release */ = {
			isa = XCBuildConfiguration;
			baseConfigurationReference = C1D5E1E22D4B79B056C94542 /* Pods-LottieAnimationTest2.release.xcconfig */;
			buildSettings = {
				ASSETCATALOG_COMPILER_APPICON_NAME = AppIcon;
				CODE_SIGN_STYLE = Automatic;
				DEVELOPMENT_TEAM = KJJ3AHRK2K;
				INFOPLIST_FILE = LottieAnimationTest2/Info.plist;
				LD_RUNPATH_SEARCH_PATHS = (
					"$(inherited)",
					"@executable_path/Frameworks",
				);
				PRODUCT_BUNDLE_IDENTIFIER = com.example.LottieAnimationTest2;
				PRODUCT_NAME = "$(TARGET_NAME)";
				SWIFT_VERSION = 5.0;
				TARGETED_DEVICE_FAMILY = "1,2";
			};
			name = Release;
		};
		639A40E523FB5E50007088E1 /* Debug */ = {
			isa = XCBuildConfiguration;
			buildSettings = {
				ALWAYS_EMBED_SWIFT_STANDARD_LIBRARIES = YES;
				BUNDLE_LOADER = "$(TEST_HOST)";
				CODE_SIGN_STYLE = Automatic;
				DEVELOPMENT_TEAM = KJJ3AHRK2K;
				INFOPLIST_FILE = LottieAnimationTest2Tests/Info.plist;
				IPHONEOS_DEPLOYMENT_TARGET = 13.2;
				LD_RUNPATH_SEARCH_PATHS = (
					"$(inherited)",
					"@executable_path/Frameworks",
					"@loader_path/Frameworks",
				);
				PRODUCT_BUNDLE_IDENTIFIER = com.example.LottieAnimationTest2Tests;
				PRODUCT_NAME = "$(TARGET_NAME)";
				SWIFT_VERSION = 5.0;
				TARGETED_DEVICE_FAMILY = "1,2";
				TEST_HOST = "$(BUILT_PRODUCTS_DIR)/LottieAnimationTest2.app/LottieAnimationTest2";
			};
			name = Debug;
		};
		639A40E623FB5E50007088E1 /* Release */ = {
			isa = XCBuildConfiguration;
			buildSettings = {
				ALWAYS_EMBED_SWIFT_STANDARD_LIBRARIES = YES;
				BUNDLE_LOADER = "$(TEST_HOST)";
				CODE_SIGN_STYLE = Automatic;
				DEVELOPMENT_TEAM = KJJ3AHRK2K;
				INFOPLIST_FILE = LottieAnimationTest2Tests/Info.plist;
				IPHONEOS_DEPLOYMENT_TARGET = 13.2;
				LD_RUNPATH_SEARCH_PATHS = (
					"$(inherited)",
					"@executable_path/Frameworks",
					"@loader_path/Frameworks",
				);
				PRODUCT_BUNDLE_IDENTIFIER = com.example.LottieAnimationTest2Tests;
				PRODUCT_NAME = "$(TARGET_NAME)";
				SWIFT_VERSION = 5.0;
				TARGETED_DEVICE_FAMILY = "1,2";
				TEST_HOST = "$(BUILT_PRODUCTS_DIR)/LottieAnimationTest2.app/LottieAnimationTest2";
			};
			name = Release;
		};
/* End XCBuildConfiguration section */

/* Begin XCConfigurationList section */
		639A40BD23FB5E4B007088E1 /* Build configuration list for PBXProject "LottieAnimationTest2" */ = {
			isa = XCConfigurationList;
			buildConfigurations = (
				639A40DF23FB5E50007088E1 /* Debug */,
				639A40E023FB5E50007088E1 /* Release */,
			);
			defaultConfigurationIsVisible = 0;
			defaultConfigurationName = Release;
		};
		639A40E123FB5E50007088E1 /* Build configuration list for PBXNativeTarget "LottieAnimationTest2" */ = {
			isa = XCConfigurationList;
			buildConfigurations = (
				639A40E223FB5E50007088E1 /* Debug */,
				639A40E323FB5E50007088E1 /* Release */,
			);
			defaultConfigurationIsVisible = 0;
			defaultConfigurationName = Release;
		};
		639A40E423FB5E50007088E1 /* Build configuration list for PBXNativeTarget "LottieAnimationTest2Tests" */ = {
			isa = XCConfigurationList;
			buildConfigurations = (
				639A40E523FB5E50007088E1 /* Debug */,
				639A40E623FB5E50007088E1 /* Release */,
			);
			defaultConfigurationIsVisible = 0;
			defaultConfigurationName = Release;
		};
/* End XCConfigurationList section */
	};
	rootObject = 639A40BA23FB5E4B007088E1 /* Project object */;
}
